
Microsoft Visual Studio Solution File, Format Version 12.00
# Visual Studio Version 17
VisualStudioVersion = 17.0.31903.59
MinimumVisualStudioVersion = 10.0.40219.1
Project("{FAE04EC0-301F-11D3-BF4B-00C04F79EFBC}") = "StoreApp", "StoreApp\StoreApp.csproj", "{537CE7BE-BE5E-4191-9A49-BB3E219447C5}"
EndProject
Project("{FAE04EC0-301F-11D3-BF4B-00C04F79EFBC}") = "Entities", "Entities\Entities.csproj", "{F21A634F-F2C2-493F-9872-6D5B27E4DBE9}"
EndProject
Project("{FAE04EC0-301F-11D3-BF4B-00C04F79EFBC}") = "Repositories", "Repositories\Repositories.csproj", "{756D262C-C04F-4A3D-8F14-5CEA9BFB0BEE}"
EndProject
Project("{FAE04EC0-301F-11D3-BF4B-00C04F79EFBC}") = "Services", "Services\Services.csproj", "{0F4E5AA6-FF9D-40F2-B0EF-5CFDC1FC28D3}"
EndProject
Global
	GlobalSection(SolutionConfigurationPlatforms) = preSolution
		Debug|Any CPU = Debug|Any CPU
		Release|Any CPU = Release|Any CPU
	EndGlobalSection
	GlobalSection(SolutionProperties) = preSolution
		HideSolutionNode = FALSE
	EndGlobalSection
	GlobalSection(ProjectConfigurationPlatforms) = postSolution
		{537CE7BE-BE5E-4191-9A49-BB3E219447C5}.Debug|Any CPU.ActiveCfg = Debug|Any CPU
		{537CE7BE-BE5E-4191-9A49-BB3E219447C5}.Debug|Any CPU.Build.0 = Debug|Any CPU
		{537CE7BE-BE5E-4191-9A49-BB3E219447C5}.Release|Any CPU.ActiveCfg = Release|Any CPU
		{537CE7BE-BE5E-4191-9A49-BB3E219447C5}.Release|Any CPU.Build.0 = Release|Any CPU
		{F21A634F-F2C2-493F-9872-6D5B27E4DBE9}.Debug|Any CPU.ActiveCfg = Debug|Any CPU
		{F21A634F-F2C2-493F-9872-6D5B27E4DBE9}.Debug|Any CPU.Build.0 = Debug|Any CPU
		{F21A634F-F2C2-493F-9872-6D5B27E4DBE9}.Release|Any CPU.ActiveCfg = Release|Any CPU
		{F21A634F-F2C2-493F-9872-6D5B27E4DBE9}.Release|Any CPU.Build.0 = Release|Any CPU
		{756D262C-C04F-4A3D-8F14-5CEA9BFB0BEE}.Debug|Any CPU.ActiveCfg = Debug|Any CPU
		{756D262C-C04F-4A3D-8F14-5CEA9BFB0BEE}.Debug|Any CPU.Build.0 = Debug|Any CPU
		{756D262C-C04F-4A3D-8F14-5CEA9BFB0BEE}.Release|Any CPU.ActiveCfg = Release|Any CPU
		{756D262C-C04F-4A3D-8F14-5CEA9BFB0BEE}.Release|Any CPU.Build.0 = Release|Any CPU
		{0F4E5AA6-FF9D-40F2-B0EF-5CFDC1FC28D3}.Debug|Any CPU.ActiveCfg = Debug|Any CPU
		{0F4E5AA6-FF9D-40F2-B0EF-5CFDC1FC28D3}.Debug|Any CPU.Build.0 = Debug|Any CPU
		{0F4E5AA6-FF9D-40F2-B0EF-5CFDC1FC28D3}.Release|Any CPU.ActiveCfg = Release|Any CPU
		{0F4E5AA6-FF9D-40F2-B0EF-5CFDC1FC28D3}.Release|Any CPU.Build.0 = Release|Any CPU
	EndGlobalSection
EndGlobal
